
Microsoft Visual Studio Solution File, Format Version 12.00
# Visual Studio Version 16
VisualStudioVersion = 25.0.1700.7
MinimumVisualStudioVersion = 10.0.40219.1
Project("{FAE04EC0-301F-11D3-BF4B-00C04F79EFBC}") = "DieRoller.Android", "DieRoller\DieRoller.Android\DieRoller.Android.csproj", "{122CF92A-D338-4CED-8DBF-B13C23C83DFB}"
EndProject
Project("{FAE04EC0-301F-11D3-BF4B-00C04F79EFBC}") = "DieRoller", "DieRoller\DieRoller\DieRoller.csproj", "{D9E87183-B099-4906-B8D7-E5B02CB326C7}"
EndProject
Project("{FAE04EC0-301F-11D3-BF4B-00C04F79EFBC}") = "DieRollTests", "DieRollTests\DieRollTests.csproj", "{FAEA692F-DB38-466F-97C4-5BBDA47419F0}"
EndProject
Project("{FAE04EC0-301F-11D3-BF4B-00C04F79EFBC}") = "UITestApp", "UITestsApp\UITestApp.csproj", "{B8C47BDD-0736-481B-847E-372F14A40303}"
EndProject
Global
	GlobalSection(SolutionConfigurationPlatforms) = preSolution
		Debug|Any CPU = Debug|Any CPU
		Release|Any CPU = Release|Any CPU
	EndGlobalSection
	GlobalSection(ProjectConfigurationPlatforms) = postSolution
		{122CF92A-D338-4CED-8DBF-B13C23C83DFB}.Debug|Any CPU.ActiveCfg = Debug|Any CPU
		{122CF92A-D338-4CED-8DBF-B13C23C83DFB}.Debug|Any CPU.Build.0 = Debug|Any CPU
		{122CF92A-D338-4CED-8DBF-B13C23C83DFB}.Release|Any CPU.ActiveCfg = Release|Any CPU
		{122CF92A-D338-4CED-8DBF-B13C23C83DFB}.Release|Any CPU.Build.0 = Release|Any CPU
		{D9E87183-B099-4906-B8D7-E5B02CB326C7}.Debug|Any CPU.ActiveCfg = Debug|Any CPU
		{D9E87183-B099-4906-B8D7-E5B02CB326C7}.Debug|Any CPU.Build.0 = Debug|Any CPU
		{D9E87183-B099-4906-B8D7-E5B02CB326C7}.Release|Any CPU.ActiveCfg = Release|Any CPU
		{D9E87183-B099-4906-B8D7-E5B02CB326C7}.Release|Any CPU.Build.0 = Release|Any CPU
		{FAEA692F-DB38-466F-97C4-5BBDA47419F0}.Debug|Any CPU.ActiveCfg = Debug|Any CPU
		{FAEA692F-DB38-466F-97C4-5BBDA47419F0}.Debug|Any CPU.Build.0 = Debug|Any CPU
		{FAEA692F-DB38-466F-97C4-5BBDA47419F0}.Release|Any CPU.ActiveCfg = Release|Any CPU
		{FAEA692F-DB38-466F-97C4-5BBDA47419F0}.Release|Any CPU.Build.0 = Release|Any CPU
		{B8C47BDD-0736-481B-847E-372F14A40303}.Debug|Any CPU.ActiveCfg = Debug|Any CPU
		{B8C47BDD-0736-481B-847E-372F14A40303}.Debug|Any CPU.Build.0 = Debug|Any CPU
		{B8C47BDD-0736-481B-847E-372F14A40303}.Release|Any CPU.ActiveCfg = Release|Any CPU
		{B8C47BDD-0736-481B-847E-372F14A40303}.Release|Any CPU.Build.0 = Release|Any CPU
	EndGlobalSection
	GlobalSection(SolutionProperties) = preSolution
		HideSolutionNode = FALSE
	EndGlobalSection
	GlobalSection(ExtensibilityGlobals) = postSolution
		SolutionGuid = {D172792E-5217-4F94-B100-C0CF4C57A2B2}
	EndGlobalSection
EndGlobal
